<?xml version="1.0" encoding="utf-8"?>
<Project ToolsVersion="4.0" xmlns="http://schemas.microsoft.com/developer/msbuild/2003">
  <ItemGroup>
    <Filter Include="Source Files">
      <UniqueIdentifier>{4FC737F1-C7A5-4376-A066-2A32D752A2FF}</UniqueIdentifier>
      <Extensions>cpp;c;cc;cxx;def;odl;idl;hpj;bat;asm;asmx</Extensions>
    </Filter>
    <Filter Include="Header Files">
      <UniqueIdentifier>{93995380-89BD-4b04-88EB-625FBE52EBFB}</UniqueIdentifier>
      <Extensions>h;hh;hpp;hxx;hm;inl;inc;ipp;xsd</Extensions>
    </Filter>
    <Filter Include="Resource Files">
      <UniqueIdentifier>{67DA6AB6-F800-4c08-8B7A-83BB121AAD01}</UniqueIdentifier>
      <Extensions>rc;ico;cur;bmp;dlg;rc2;rct;bin;rgs;gif;jpg;jpeg;jpe;resx;tiff;tif;png;wav;mfcribbon-ms</Extensions>
    </Filter>
  </ItemGroup>
  <ItemGroup>
    <ClCompile Include="main.cpp">
      <Filter>Source Files</Filter>
    </ClCompile>
    <ClCompile Include="..\dependencies\src\glad.c">
      <Filter>Source Files</Filter>
    </ClCompile>
    <ClCompile Include="..\dependencies\src\jsoncpp.cpp">
      <Filter>Source Files</Filter>
    </ClCompile>
    <ClCompile Include="Engine\AI\BMP Loader\BMPImage.cpp">
      <Filter>Source Files</Filter>
    </ClCompile>
    <ClCompile Include="Engine\AI\BMP Loader\ResourceManager.cpp">
      <Filter>Source Files</Filter>
    </ClCompile>
    <ClCompile Include="Engine\AI\cIntelligence.cpp">
      <Filter>Source Files</Filter>
    </ClCompile>
    <ClCompile Include="Engine\Camera\cCamera.cpp">
      <Filter>Source Files</Filter>
    </ClCompile>
    <ClCompile Include="Engine\Component\Camera.cpp">
      <Filter>Source Files</Filter>
    </ClCompile>
    <ClCompile Include="Engine\Component\Light.cpp">
      <Filter>Source Files</Filter>
    </ClCompile>
    <ClCompile Include="Engine\Component\Position.cpp">
      <Filter>Source Files</Filter>
    </ClCompile>
    <ClCompile Include="Engine\Component\Render.cpp">
      <Filter>Source Files</Filter>
    </ClCompile>
    <ClCompile Include="Engine\Component\Rotation.cpp">
      <Filter>Source Files</Filter>
    </ClCompile>
    <ClCompile Include="Engine\Component\Transform.cpp">
      <Filter>Source Files</Filter>
    </ClCompile>
    <ClCompile Include="Engine\Entity\cEntity.cpp">
      <Filter>Source Files</Filter>
    </ClCompile>
    <ClCompile Include="Engine\Entity\cEntityManager.cpp">
      <Filter>Source Files</Filter>
    </ClCompile>
    <ClCompile Include="Engine\FBO\cFBO.cpp">
      <Filter>Source Files</Filter>
    </ClCompile>
    <ClCompile Include="Engine\FileReading\cModelLoader.cpp">
      <Filter>Source Files</Filter>
    </ClCompile>
    <ClCompile Include="Engine\FileReading\JsonHelpers.cpp">
      <Filter>Source Files</Filter>
    </ClCompile>
    <ClCompile Include="Engine\Inputs\cInput.cpp">
      <Filter>Source Files</Filter>
    </ClCompile>
    <ClCompile Include="Engine\LightHelper\cLightHelper.cpp">
      <Filter>Source Files</Filter>
    </ClCompile>
    <ClCompile Include="Engine\Object\cRenderOnlyObject.cpp">
      <Filter>Source Files</Filter>
    </ClCompile>
    <ClCompile Include="Engine\Render\cRenderer.cpp">
      <Filter>Source Files</Filter>
    </ClCompile>
    <ClCompile Include="Engine\Shaders\cShader.cpp">
      <Filter>Source Files</Filter>
    </ClCompile>
    <ClCompile Include="Engine\Shaders\cShaderManager.cpp">
      <Filter>Source Files</Filter>
    </ClCompile>
    <ClCompile Include="Engine\Shaders\cShaderProgram.cpp">
      <Filter>Source Files</Filter>
    </ClCompile>
    <ClCompile Include="Engine\Texture\C24BitBMPpixel.cpp">
      <Filter>Source Files</Filter>
    </ClCompile>
    <ClCompile Include="Engine\Texture\cBasicTextureManager.cpp">
      <Filter>Source Files</Filter>
    </ClCompile>
    <ClCompile Include="Engine\Texture\CTextureFromBMP.cpp">
      <Filter>Source Files</Filter>
    </ClCompile>
    <ClCompile Include="Engine\Texture\lodepng.cpp">
      <Filter>Source Files</Filter>
    </ClCompile>
    <ClCompile Include="Engine\VAO and Meshes\cVAOManager.cpp">
      <Filter>Source Files</Filter>
    </ClCompile>
    <ClCompile Include="Engine\VAO and Meshes\sComplexVertex.cpp">
      <Filter>Source Files</Filter>
    </ClCompile>
    <ClCompile Include="Engine\VAO and Meshes\sModelDrawInfo.cpp">
      <Filter>Source Files</Filter>
    </ClCompile>
    <ClCompile Include="Engine\cEngine.cpp">
      <Filter>Source Files</Filter>
    </ClCompile>
    <ClCompile Include="Engine\Load.cpp">
      <Filter>Source Files</Filter>
    </ClCompile>
    <ClCompile Include="Engine\Component\Velocity.cpp">
      <Filter>Source Files</Filter>
    </ClCompile>
    <ClCompile Include="Engine\Component\Gatherer.cpp">
      <Filter>Source Files</Filter>
    </ClCompile>
    <ClCompile Include="Engine\BasicMotion\cBasicMotion.cpp">
      <Filter>Source Files</Filter>
    </ClCompile>
    <ClCompile Include="Engine\AI\Graph.cpp">
      <Filter>Source Files</Filter>
    </ClCompile>
    <ClCompile Include="Engine\Texture\cTextureManager.cpp">
      <Filter>Source Files</Filter>
    </ClCompile>
    <ClCompile Include="Engine\Component\Animation.cpp">
      <Filter>Source Files</Filter>
    </ClCompile>
    <ClCompile Include="Engine\Animation\cAnimator.cpp">
      <Filter>Source Files</Filter>
    </ClCompile>
  </ItemGroup>
  <ItemGroup>
    <ClInclude Include="Engine\AI\BMP Loader\BMPImage.h">
      <Filter>Header Files</Filter>
    </ClInclude>
    <ClInclude Include="Engine\AI\BMP Loader\ResourceManager.h">
      <Filter>Header Files</Filter>
    </ClInclude>
    <ClInclude Include="Engine\AI\cIntelligence.h">
      <Filter>Header Files</Filter>
    </ClInclude>
    <ClInclude Include="Engine\Camera\cCamera.h">
      <Filter>Header Files</Filter>
    </ClInclude>
    <ClInclude Include="Engine\Component\Camera.h">
      <Filter>Header Files</Filter>
    </ClInclude>
    <ClInclude Include="Engine\Component\iComponent.h">
      <Filter>Header Files</Filter>
    </ClInclude>
    <ClInclude Include="Engine\Component\Light.h">
      <Filter>Header Files</Filter>
    </ClInclude>
    <ClInclude Include="Engine\Component\Position.h">
      <Filter>Header Files</Filter>
    </ClInclude>
    <ClInclude Include="Engine\Component\Render.h">
      <Filter>Header Files</Filter>
    </ClInclude>
    <ClInclude Include="Engine\Component\Rotation.h">
      <Filter>Header Files</Filter>
    </ClInclude>
    <ClInclude Include="Engine\Component\Transform.h">
      <Filter>Header Files</Filter>
    </ClInclude>
    <ClInclude Include="Engine\Entity\cEntity.h">
      <Filter>Header Files</Filter>
    </ClInclude>
    <ClInclude Include="Engine\Entity\cEntityManager.h">
      <Filter>Header Files</Filter>
    </ClInclude>
    <ClInclude Include="Engine\FBO\cFBO.h">
      <Filter>Header Files</Filter>
    </ClInclude>
    <ClInclude Include="Engine\FileReading\cModelLoader.h">
      <Filter>Header Files</Filter>
    </ClInclude>
    <ClInclude Include="Engine\FileReading\JsonHelpers.h">
      <Filter>Header Files</Filter>
    </ClInclude>
    <ClInclude Include="Engine\Inputs\cInput.h">
      <Filter>Header Files</Filter>
    </ClInclude>
    <ClInclude Include="Engine\LightHelper\cLightHelper.h">
      <Filter>Header Files</Filter>
    </ClInclude>
    <ClInclude Include="Engine\Object\AnimatedObject.h">
      <Filter>Header Files</Filter>
    </ClInclude>
    <ClInclude Include="Engine\Object\cObjectManager.h">
      <Filter>Header Files</Filter>
    </ClInclude>
    <ClInclude Include="Engine\Object\cRenderOnlyObject.h">
      <Filter>Header Files</Filter>
    </ClInclude>
    <ClInclude Include="Engine\Object\iGameObject.h">
      <Filter>Header Files</Filter>
    </ClInclude>
    <ClInclude Include="Engine\Render\cRenderer.h">
      <Filter>Header Files</Filter>
    </ClInclude>
    <ClInclude Include="Engine\Shaders\cShaderManager.h">
      <Filter>Header Files</Filter>
    </ClInclude>
    <ClInclude Include="Engine\Texture\C24BitBMPpixel.h">
      <Filter>Header Files</Filter>
    </ClInclude>
    <ClInclude Include="Engine\Texture\cBasicTextureManager.h">
      <Filter>Header Files</Filter>
    </ClInclude>
    <ClInclude Include="Engine\Texture\CTextureFromBMP.h">
      <Filter>Header Files</Filter>
    </ClInclude>
    <ClInclude Include="Engine\Texture\cTextureFromPNG.h">
      <Filter>Header Files</Filter>
    </ClInclude>
    <ClInclude Include="Engine\Texture\lodepng.h">
      <Filter>Header Files</Filter>
    </ClInclude>
    <ClInclude Include="Engine\VAO and Meshes\cVAOManager.h">
      <Filter>Header Files</Filter>
    </ClInclude>
    <ClInclude Include="Engine\VAO and Meshes\sComplexVertex.h">
      <Filter>Header Files</Filter>
    </ClInclude>
    <ClInclude Include="Engine\VAO and Meshes\sModelDrawInfo.h">
      <Filter>Header Files</Filter>
    </ClInclude>
    <ClInclude Include="Engine\VAO and Meshes\sTriangleIndices.h">
      <Filter>Header Files</Filter>
    </ClInclude>
    <ClInclude Include="Engine\cEngine.h">
      <Filter>Header Files</Filter>
    </ClInclude>
    <ClInclude Include="Engine\GL.h">
      <Filter>Header Files</Filter>
    </ClInclude>
    <ClInclude Include="Engine\Globals.h">
      <Filter>Header Files</Filter>
    </ClInclude>
    <ClInclude Include="Engine\Load.h">
      <Filter>Header Files</Filter>
    </ClInclude>
    <ClInclude Include="Engine\sView.h">
      <Filter>Header Files</Filter>
    </ClInclude>
    <ClInclude Include="Engine\Component\Gatherer.h">
      <Filter>Header Files</Filter>
    </ClInclude>
    <ClInclude Include="Engine\Component\Velocity.h">
      <Filter>Header Files</Filter>
    </ClInclude>
    <ClInclude Include="Engine\BasicMotion\cBasicMotion.h">
      <Filter>Header Files</Filter>
    </ClInclude>
    <ClInclude Include="Engine\Component\ComponentCheatSheat.txt">
      <Filter>Header Files</Filter>
    </ClInclude>
    <ClInclude Include="Engine\AI\Graph.h">
      <Filter>Header Files</Filter>
    </ClInclude>
    <ClInclude Include="Engine\Texture\cTextureManager.h">
      <Filter>Header Files</Filter>
    </ClInclude>
    <ClInclude Include="Engine\Texture\sTextureInfo.h">
      <Filter>Header Files</Filter>
    </ClInclude>
    <ClInclude Include="Engine\Animation\cAnimator.h">
      <Filter>Header Files</Filter>
    </ClInclude>
    <ClInclude Include="Engine\Component\Animation.h">
      <Filter>Header Files</Filter>
    </ClInclude>
  </ItemGroup>
  <ItemGroup>
    <None Include="assets\config\data.json" />
    <None Include="assets\config\init.json" />
  </ItemGroup>
</Project>